
Microsoft Visual Studio Solution File, Format Version 12.00
# Visual Studio Version 17
VisualStudioVersion = 17.2.32616.157
MinimumVisualStudioVersion = 10.0.40219.1
Project("{FAE04EC0-301F-11D3-BF4B-00C04F79EFBC}") = "UC3_Primenumbers", "UC3_Primenumbers\UC3_Primenumbers.csproj", "{385A3FA5-56DD-49B2-80EF-D69E7D2D47DF}"
EndProject
Global
	GlobalSection(SolutionConfigurationPlatforms) = preSolution
		Debug|Any CPU = Debug|Any CPU
		Release|Any CPU = Release|Any CPU
	EndGlobalSection
	GlobalSection(ProjectConfigurationPlatforms) = postSolution
		{385A3FA5-56DD-49B2-80EF-D69E7D2D47DF}.Debug|Any CPU.ActiveCfg = Debug|Any CPU
		{385A3FA5-56DD-49B2-80EF-D69E7D2D47DF}.Debug|Any CPU.Build.0 = Debug|Any CPU
		{385A3FA5-56DD-49B2-80EF-D69E7D2D47DF}.Release|Any CPU.ActiveCfg = Release|Any CPU
		{385A3FA5-56DD-49B2-80EF-D69E7D2D47DF}.Release|Any CPU.Build.0 = Release|Any CPU
	EndGlobalSection
	GlobalSection(SolutionProperties) = preSolution
		HideSolutionNode = FALSE
	EndGlobalSection
	GlobalSection(ExtensibilityGlobals) = postSolution
		SolutionGuid = {EBCB09DE-52CA-4A40-B893-C5507DD14790}
	EndGlobalSection
EndGlobal
