
Microsoft Visual Studio Solution File, Format Version 12.00
# Visual Studio Version 17
VisualStudioVersion = 17.2.32616.157
MinimumVisualStudioVersion = 10.0.40219.1
Project("{FAE04EC0-301F-11D3-BF4B-00C04F79EFBC}") = "UC1_fibonachiseries", "UC1_fibonachiseries\UC1_fibonachiseries.csproj", "{5BF32895-294B-4F5B-8841-7AFAFB54AA8B}"
EndProject
Global
	GlobalSection(SolutionConfigurationPlatforms) = preSolution
		Debug|Any CPU = Debug|Any CPU
		Release|Any CPU = Release|Any CPU
	EndGlobalSection
	GlobalSection(ProjectConfigurationPlatforms) = postSolution
		{5BF32895-294B-4F5B-8841-7AFAFB54AA8B}.Debug|Any CPU.ActiveCfg = Debug|Any CPU
		{5BF32895-294B-4F5B-8841-7AFAFB54AA8B}.Debug|Any CPU.Build.0 = Debug|Any CPU
		{5BF32895-294B-4F5B-8841-7AFAFB54AA8B}.Release|Any CPU.ActiveCfg = Release|Any CPU
		{5BF32895-294B-4F5B-8841-7AFAFB54AA8B}.Release|Any CPU.Build.0 = Release|Any CPU
	EndGlobalSection
	GlobalSection(SolutionProperties) = preSolution
		HideSolutionNode = FALSE
	EndGlobalSection
	GlobalSection(ExtensibilityGlobals) = postSolution
		SolutionGuid = {07736108-B2D9-415B-9A90-6C18C2C09124}
	EndGlobalSection
EndGlobal
